
Microsoft Visual Studio Solution File, Format Version 12.00
# Visual Studio Version 16
VisualStudioVersion = 16.0.33927.289
MinimumVisualStudioVersion = 10.0.40219.1
Project("{2150E333-8FDC-42A3-9474-1A3956D46DE8}") = "Task0", "Task0", "{A9615F55-51D1-48BC-A23F-243B60AEBDE2}"
EndProject
Project("{FAE04EC0-301F-11D3-BF4B-00C04F79EFBC}") = "Tyuiu.KasenovAE.Sprint3.Task0.V28", "Tyuiu.KasenovAE.Sprint3.Task0.V28\Tyuiu.KasenovAE.Sprint3.Task0.V28.csproj", "{677DC7C5-F948-426F-BE01-0D101C2E3FD8}"
EndProject
Project("{FAE04EC0-301F-11D3-BF4B-00C04F79EFBC}") = "Tyuiu.KasenovAE.Sprint3.Task0.V28.Test", "Tyuiu.KasenovAE.Sprint3.Task0.V28.Test\Tyuiu.KasenovAE.Sprint3.Task0.V28.Test.csproj", "{4AA4FB31-ED4B-41D4-AD53-CEE70EFDCEBE}"
EndProject
Project("{FAE04EC0-301F-11D3-BF4B-00C04F79EFBC}") = "Tyuiu.KasenovAE.Sprint3.Task0.V28.Lib", "Tyuiu.KasenovAE.Sprint3.Task0.V28.Lib\Tyuiu.KasenovAE.Sprint3.Task0.V28.Lib.csproj", "{3EABB846-A04F-4398-978C-2D11D7310A7C}"
EndProject
Project("{2150E333-8FDC-42A3-9474-1A3956D46DE8}") = "Task1", "Task1", "{E49F31D7-8B14-4058-BD70-1B80C8E01DE2}"
EndProject
Project("{FAE04EC0-301F-11D3-BF4B-00C04F79EFBC}") = "Tyuiu.KasenovAE.Sprint3.Task1.V22", "Tyuiu.KasenovAE.Sprint3.Task1.V22\Tyuiu.KasenovAE.Sprint3.Task1.V22.csproj", "{3373EB87-1E59-47BA-837D-6CFB3545C610}"
EndProject
Project("{FAE04EC0-301F-11D3-BF4B-00C04F79EFBC}") = "Tyuiu.KasenovAE.Sprint3.Task1.V22.Test", "Tyuiu.KasenovAE.Sprint3.Task1.V22.Test\Tyuiu.KasenovAE.Sprint3.Task1.V22.Test.csproj", "{F829A5A0-680C-412F-8124-E4F7D959C2FF}"
EndProject
Project("{FAE04EC0-301F-11D3-BF4B-00C04F79EFBC}") = "Tyuiu.KasenovAE.Sprint3.Task1.V22.Lib", "Tyuiu.KasenovAE.Sprint3.Task1.V22.Lib\Tyuiu.KasenovAE.Sprint3.Task1.V22.Lib.csproj", "{BE136AC0-5D9E-4283-9392-3D935749737B}"
EndProject
Project("{2150E333-8FDC-42A3-9474-1A3956D46DE8}") = "Task2", "Task2", "{3A4410B1-0314-47D2-8B64-83D0A208DEA1}"
EndProject
Project("{FAE04EC0-301F-11D3-BF4B-00C04F79EFBC}") = "Tyuiu.KasenovAE.Sprint3.Task2.V3", "Tyuiu.KasenovAE.Sprint3.Task2.V3\Tyuiu.KasenovAE.Sprint3.Task2.V3.csproj", "{A066FF6D-9845-4992-8B27-D0251A72205B}"
EndProject
Project("{FAE04EC0-301F-11D3-BF4B-00C04F79EFBC}") = "Tyuiu.KasenovAE.Sprint3.Task2.V3.Test", "Tyuiu.KasenovAE.Sprint3.Task2.V3.Test\Tyuiu.KasenovAE.Sprint3.Task2.V3.Test.csproj", "{78D7D2B4-956B-48A6-9D2B-F16E2F465FDA}"
EndProject
Project("{FAE04EC0-301F-11D3-BF4B-00C04F79EFBC}") = "Tyuiu.KasenovAE.Sprint3.Task2.V3.Lib", "Tyuiu.KasenovAE.Sprint3.Task2.V3.Lib\Tyuiu.KasenovAE.Sprint3.Task2.V3.Lib.csproj", "{E08F161B-BEAB-43ED-8407-6813355A8410}"
EndProject
Project("{2150E333-8FDC-42A3-9474-1A3956D46DE8}") = "Task3", "Task3", "{473F0BD9-708D-4157-A632-EABF67235CA5}"
EndProject
Project("{FAE04EC0-301F-11D3-BF4B-00C04F79EFBC}") = "Tyuiu.KasenovAE.Sprint3.Task3.V12", "Tyuiu.KasenovAE.Sprint3.Task3.V12\Tyuiu.KasenovAE.Sprint3.Task3.V12.csproj", "{FDC7D9B2-55AA-4505-98FC-9FDD190839E9}"
EndProject
Project("{FAE04EC0-301F-11D3-BF4B-00C04F79EFBC}") = "Tyuiu.KasenovAE.Sprint3.Task3.V12.Test", "Tyuiu.KasenovAE.Sprint3.Task3.V12.Test\Tyuiu.KasenovAE.Sprint3.Task3.V12.Test.csproj", "{480CFF75-73CF-47EB-AF76-63827B9F01A1}"
EndProject
Project("{FAE04EC0-301F-11D3-BF4B-00C04F79EFBC}") = "Tyuiu.KasenovAE.Sprint3.Task3.V12.Lib", "Tyuiu.KasenovAE.Sprint3.Task3.V12.Lib\Tyuiu.KasenovAE.Sprint3.Task3.V12.Lib.csproj", "{541065B0-A47F-43F3-A673-327805DE9A15}"
EndProject
Project("{2150E333-8FDC-42A3-9474-1A3956D46DE8}") = "Task4", "Task4", "{6D1F84AA-6501-4543-8929-470C5C86E3DC}"
EndProject
Project("{FAE04EC0-301F-11D3-BF4B-00C04F79EFBC}") = "Tyuiu.KasenovAE.Sprint3.Task4.V15", "Tyuiu.KasenovAE.Sprint3.Task4.V15\Tyuiu.KasenovAE.Sprint3.Task4.V15.csproj", "{B468C3D4-9DBA-4029-95ED-DC5AA5C6D0AA}"
EndProject
Project("{FAE04EC0-301F-11D3-BF4B-00C04F79EFBC}") = "Tyuiu.KasenovAE.Sprint3.Task4.V15.Test", "Tyuiu.KasenovAE.Sprint3.Task4.V15.Test\Tyuiu.KasenovAE.Sprint3.Task4.V15.Test.csproj", "{37095578-3A91-482A-8F6A-F047943A521B}"
EndProject
Project("{FAE04EC0-301F-11D3-BF4B-00C04F79EFBC}") = "Tyuiu.KasenovAE.Sprint3.Task4.V15.Lib", "Tyuiu.KasenovAE.Sprint3.Task4.V15.Lib\Tyuiu.KasenovAE.Sprint3.Task4.V15.Lib.csproj", "{87C09990-1597-4BE2-8961-CAB8E095AB90}"
EndProject
Project("{2150E333-8FDC-42A3-9474-1A3956D46DE8}") = "Task5", "Task5", "{1F715049-BC72-4C88-8FE2-43C7A888F246}"
EndProject
Project("{FAE04EC0-301F-11D3-BF4B-00C04F79EFBC}") = "Tyuiu.KasenovAE.Sprint3.Task5.V5", "Tyuiu.KasenovAE.Sprint3.Task5.V5\Tyuiu.KasenovAE.Sprint3.Task5.V5.csproj", "{653AC1AC-4D7C-4715-84BF-541E497FDAC6}"
EndProject
Project("{FAE04EC0-301F-11D3-BF4B-00C04F79EFBC}") = "Tyuiu.KasenovAE.Sprint3.Task5.V5.Test", "Tyuiu.KasenovAE.Sprint3.Task5.V5.Test\Tyuiu.KasenovAE.Sprint3.Task5.V5.Test.csproj", "{B3C45328-118C-4A8B-8940-9D49FC2267F8}"
EndProject
Project("{FAE04EC0-301F-11D3-BF4B-00C04F79EFBC}") = "Tyuiu.KasenovAE.Sprint3.Task5.V5.Lib", "Tyuiu.KasenovAE.Sprint3.Task5.V5.Lib\Tyuiu.KasenovAE.Sprint3.Task5.V5.Lib.csproj", "{7EF26B83-A255-4EFB-8668-AAFD294E6DB5}"
EndProject
Project("{2150E333-8FDC-42A3-9474-1A3956D46DE8}") = "Task6", "Task6", "{35CDEA24-E818-42EC-AC46-1531D527D75E}"
EndProject
Project("{FAE04EC0-301F-11D3-BF4B-00C04F79EFBC}") = "Tyuiu.KasenovAE.Sprint3.Task6.V25", "Tyuiu.KasenovAE.Sprint3.Task6.V25\Tyuiu.KasenovAE.Sprint3.Task6.V25.csproj", "{A15E39C3-32BC-49CA-ABBE-9A234195F5CA}"
EndProject
Project("{FAE04EC0-301F-11D3-BF4B-00C04F79EFBC}") = "Tyuiu.KasenovAE.Sprint3.Task6.V25.Test", "Tyuiu.KasenovAE.Sprint3.Task6.V25.Test\Tyuiu.KasenovAE.Sprint3.Task6.V25.Test.csproj", "{64C873A3-33F6-4519-8070-C8A79B666886}"
EndProject
Project("{FAE04EC0-301F-11D3-BF4B-00C04F79EFBC}") = "Tyuiu.KasenovAE.Sprint3.Task6.V25.Lib", "Tyuiu.KasenovAE.Sprint3.Task6.V25.Lib\Tyuiu.KasenovAE.Sprint3.Task6.V25.Lib.csproj", "{3D642345-0A22-4EDA-97A1-EC36026B9540}"
EndProject
Project("{2150E333-8FDC-42A3-9474-1A3956D46DE8}") = "Task7", "Task7", "{4061B8A1-1CB6-4C40-9DE6-F031D4B9DFAF}"
EndProject
Project("{FAE04EC0-301F-11D3-BF4B-00C04F79EFBC}") = "Tyuiu.KasenovAE.Sprint3.Task7.V7", "Tyuiu.KasenovAE.Sprint3.Task7.V7\Tyuiu.KasenovAE.Sprint3.Task7.V7.csproj", "{B72B4F1A-E455-4C93-B961-3439255F72FE}"
EndProject
Project("{FAE04EC0-301F-11D3-BF4B-00C04F79EFBC}") = "Tyuiu.KasenovAE.Sprint3.Task7.V7.Test", "Tyuiu.KasenovAE.Sprint3.Task7.V7.Test\Tyuiu.KasenovAE.Sprint3.Task7.V7.Test.csproj", "{051AD762-0870-4475-B1B7-52683650A8FD}"
EndProject
Project("{FAE04EC0-301F-11D3-BF4B-00C04F79EFBC}") = "Tyuiu.KasenovAE.Sprint3.Task7.V7.Lib", "Tyuiu.KasenovAE.Sprint3.Task7.V7.Lib\Tyuiu.KasenovAE.Sprint3.Task7.V7.Lib.csproj", "{E07BEE4E-BF7C-40F4-B6A1-A0C93A23479D}"
EndProject
Global
	GlobalSection(SolutionConfigurationPlatforms) = preSolution
		Debug|Any CPU = Debug|Any CPU
		Release|Any CPU = Release|Any CPU
	EndGlobalSection
	GlobalSection(ProjectConfigurationPlatforms) = postSolution
		{677DC7C5-F948-426F-BE01-0D101C2E3FD8}.Debug|Any CPU.ActiveCfg = Debug|Any CPU
		{677DC7C5-F948-426F-BE01-0D101C2E3FD8}.Debug|Any CPU.Build.0 = Debug|Any CPU
		{677DC7C5-F948-426F-BE01-0D101C2E3FD8}.Release|Any CPU.ActiveCfg = Release|Any CPU
		{677DC7C5-F948-426F-BE01-0D101C2E3FD8}.Release|Any CPU.Build.0 = Release|Any CPU
		{4AA4FB31-ED4B-41D4-AD53-CEE70EFDCEBE}.Debug|Any CPU.ActiveCfg = Debug|Any CPU
		{4AA4FB31-ED4B-41D4-AD53-CEE70EFDCEBE}.Debug|Any CPU.Build.0 = Debug|Any CPU
		{4AA4FB31-ED4B-41D4-AD53-CEE70EFDCEBE}.Release|Any CPU.ActiveCfg = Release|Any CPU
		{4AA4FB31-ED4B-41D4-AD53-CEE70EFDCEBE}.Release|Any CPU.Build.0 = Release|Any CPU
		{3EABB846-A04F-4398-978C-2D11D7310A7C}.Debug|Any CPU.ActiveCfg = Debug|Any CPU
		{3EABB846-A04F-4398-978C-2D11D7310A7C}.Debug|Any CPU.Build.0 = Debug|Any CPU
		{3EABB846-A04F-4398-978C-2D11D7310A7C}.Release|Any CPU.ActiveCfg = Release|Any CPU
		{3EABB846-A04F-4398-978C-2D11D7310A7C}.Release|Any CPU.Build.0 = Release|Any CPU
		{3373EB87-1E59-47BA-837D-6CFB3545C610}.Debug|Any CPU.ActiveCfg = Debug|Any CPU
		{3373EB87-1E59-47BA-837D-6CFB3545C610}.Debug|Any CPU.Build.0 = Debug|Any CPU
		{3373EB87-1E59-47BA-837D-6CFB3545C610}.Release|Any CPU.ActiveCfg = Release|Any CPU
		{3373EB87-1E59-47BA-837D-6CFB3545C610}.Release|Any CPU.Build.0 = Release|Any CPU
		{F829A5A0-680C-412F-8124-E4F7D959C2FF}.Debug|Any CPU.ActiveCfg = Debug|Any CPU
		{F829A5A0-680C-412F-8124-E4F7D959C2FF}.Debug|Any CPU.Build.0 = Debug|Any CPU
		{F829A5A0-680C-412F-8124-E4F7D959C2FF}.Release|Any CPU.ActiveCfg = Release|Any CPU
		{F829A5A0-680C-412F-8124-E4F7D959C2FF}.Release|Any CPU.Build.0 = Release|Any CPU
		{BE136AC0-5D9E-4283-9392-3D935749737B}.Debug|Any CPU.ActiveCfg = Debug|Any CPU
		{BE136AC0-5D9E-4283-9392-3D935749737B}.Debug|Any CPU.Build.0 = Debug|Any CPU
		{BE136AC0-5D9E-4283-9392-3D935749737B}.Release|Any CPU.ActiveCfg = Release|Any CPU
		{BE136AC0-5D9E-4283-9392-3D935749737B}.Release|Any CPU.Build.0 = Release|Any CPU
		{A066FF6D-9845-4992-8B27-D0251A72205B}.Debug|Any CPU.ActiveCfg = Debug|Any CPU
		{A066FF6D-9845-4992-8B27-D0251A72205B}.Debug|Any CPU.Build.0 = Debug|Any CPU
		{A066FF6D-9845-4992-8B27-D0251A72205B}.Release|Any CPU.ActiveCfg = Release|Any CPU
		{A066FF6D-9845-4992-8B27-D0251A72205B}.Release|Any CPU.Build.0 = Release|Any CPU
		{78D7D2B4-956B-48A6-9D2B-F16E2F465FDA}.Debug|Any CPU.ActiveCfg = Debug|Any CPU
		{78D7D2B4-956B-48A6-9D2B-F16E2F465FDA}.Debug|Any CPU.Build.0 = Debug|Any CPU
		{78D7D2B4-956B-48A6-9D2B-F16E2F465FDA}.Release|Any CPU.ActiveCfg = Release|Any CPU
		{78D7D2B4-956B-48A6-9D2B-F16E2F465FDA}.Release|Any CPU.Build.0 = Release|Any CPU
		{E08F161B-BEAB-43ED-8407-6813355A8410}.Debug|Any CPU.ActiveCfg = Debug|Any CPU
		{E08F161B-BEAB-43ED-8407-6813355A8410}.Debug|Any CPU.Build.0 = Debug|Any CPU
		{E08F161B-BEAB-43ED-8407-6813355A8410}.Release|Any CPU.ActiveCfg = Release|Any CPU
		{E08F161B-BEAB-43ED-8407-6813355A8410}.Release|Any CPU.Build.0 = Release|Any CPU
		{FDC7D9B2-55AA-4505-98FC-9FDD190839E9}.Debug|Any CPU.ActiveCfg = Debug|Any CPU
		{FDC7D9B2-55AA-4505-98FC-9FDD190839E9}.Debug|Any CPU.Build.0 = Debug|Any CPU
		{FDC7D9B2-55AA-4505-98FC-9FDD190839E9}.Release|Any CPU.ActiveCfg = Release|Any CPU
		{FDC7D9B2-55AA-4505-98FC-9FDD190839E9}.Release|Any CPU.Build.0 = Release|Any CPU
		{480CFF75-73CF-47EB-AF76-63827B9F01A1}.Debug|Any CPU.ActiveCfg = Debug|Any CPU
		{480CFF75-73CF-47EB-AF76-63827B9F01A1}.Debug|Any CPU.Build.0 = Debug|Any CPU
		{480CFF75-73CF-47EB-AF76-63827B9F01A1}.Release|Any CPU.ActiveCfg = Release|Any CPU
		{480CFF75-73CF-47EB-AF76-63827B9F01A1}.Release|Any CPU.Build.0 = Release|Any CPU
		{541065B0-A47F-43F3-A673-327805DE9A15}.Debug|Any CPU.ActiveCfg = Debug|Any CPU
		{541065B0-A47F-43F3-A673-327805DE9A15}.Debug|Any CPU.Build.0 = Debug|Any CPU
		{541065B0-A47F-43F3-A673-327805DE9A15}.Release|Any CPU.ActiveCfg = Release|Any CPU
		{541065B0-A47F-43F3-A673-327805DE9A15}.Release|Any CPU.Build.0 = Release|Any CPU
		{B468C3D4-9DBA-4029-95ED-DC5AA5C6D0AA}.Debug|Any CPU.ActiveCfg = Debug|Any CPU
		{B468C3D4-9DBA-4029-95ED-DC5AA5C6D0AA}.Debug|Any CPU.Build.0 = Debug|Any CPU
		{B468C3D4-9DBA-4029-95ED-DC5AA5C6D0AA}.Release|Any CPU.ActiveCfg = Release|Any CPU
		{B468C3D4-9DBA-4029-95ED-DC5AA5C6D0AA}.Release|Any CPU.Build.0 = Release|Any CPU
		{37095578-3A91-482A-8F6A-F047943A521B}.Debug|Any CPU.ActiveCfg = Debug|Any CPU
		{37095578-3A91-482A-8F6A-F047943A521B}.Debug|Any CPU.Build.0 = Debug|Any CPU
		{37095578-3A91-482A-8F6A-F047943A521B}.Release|Any CPU.ActiveCfg = Release|Any CPU
		{37095578-3A91-482A-8F6A-F047943A521B}.Release|Any CPU.Build.0 = Release|Any CPU
		{87C09990-1597-4BE2-8961-CAB8E095AB90}.Debug|Any CPU.ActiveCfg = Debug|Any CPU
		{87C09990-1597-4BE2-8961-CAB8E095AB90}.Debug|Any CPU.Build.0 = Debug|Any CPU
		{87C09990-1597-4BE2-8961-CAB8E095AB90}.Release|Any CPU.ActiveCfg = Release|Any CPU
		{87C09990-1597-4BE2-8961-CAB8E095AB90}.Release|Any CPU.Build.0 = Release|Any CPU
		{653AC1AC-4D7C-4715-84BF-541E497FDAC6}.Debug|Any CPU.ActiveCfg = Debug|Any CPU
		{653AC1AC-4D7C-4715-84BF-541E497FDAC6}.Debug|Any CPU.Build.0 = Debug|Any CPU
		{653AC1AC-4D7C-4715-84BF-541E497FDAC6}.Release|Any CPU.ActiveCfg = Release|Any CPU
		{653AC1AC-4D7C-4715-84BF-541E497FDAC6}.Release|Any CPU.Build.0 = Release|Any CPU
		{B3C45328-118C-4A8B-8940-9D49FC2267F8}.Debug|Any CPU.ActiveCfg = Debug|Any CPU
		{B3C45328-118C-4A8B-8940-9D49FC2267F8}.Debug|Any CPU.Build.0 = Debug|Any CPU
		{B3C45328-118C-4A8B-8940-9D49FC2267F8}.Release|Any CPU.ActiveCfg = Release|Any CPU
		{B3C45328-118C-4A8B-8940-9D49FC2267F8}.Release|Any CPU.Build.0 = Release|Any CPU
		{7EF26B83-A255-4EFB-8668-AAFD294E6DB5}.Debug|Any CPU.ActiveCfg = Debug|Any CPU
		{7EF26B83-A255-4EFB-8668-AAFD294E6DB5}.Debug|Any CPU.Build.0 = Debug|Any CPU
		{7EF26B83-A255-4EFB-8668-AAFD294E6DB5}.Release|Any CPU.ActiveCfg = Release|Any CPU
		{7EF26B83-A255-4EFB-8668-AAFD294E6DB5}.Release|Any CPU.Build.0 = Release|Any CPU
		{A15E39C3-32BC-49CA-ABBE-9A234195F5CA}.Debug|Any CPU.ActiveCfg = Debug|Any CPU
		{A15E39C3-32BC-49CA-ABBE-9A234195F5CA}.Debug|Any CPU.Build.0 = Debug|Any CPU
		{A15E39C3-32BC-49CA-ABBE-9A234195F5CA}.Release|Any CPU.ActiveCfg = Release|Any CPU
		{A15E39C3-32BC-49CA-ABBE-9A234195F5CA}.Release|Any CPU.Build.0 = Release|Any CPU
		{64C873A3-33F6-4519-8070-C8A79B666886}.Debug|Any CPU.ActiveCfg = Debug|Any CPU
		{64C873A3-33F6-4519-8070-C8A79B666886}.Debug|Any CPU.Build.0 = Debug|Any CPU
		{64C873A3-33F6-4519-8070-C8A79B666886}.Release|Any CPU.ActiveCfg = Release|Any CPU
		{64C873A3-33F6-4519-8070-C8A79B666886}.Release|Any CPU.Build.0 = Release|Any CPU
		{3D642345-0A22-4EDA-97A1-EC36026B9540}.Debug|Any CPU.ActiveCfg = Debug|Any CPU
		{3D642345-0A22-4EDA-97A1-EC36026B9540}.Debug|Any CPU.Build.0 = Debug|Any CPU
		{3D642345-0A22-4EDA-97A1-EC36026B9540}.Release|Any CPU.ActiveCfg = Release|Any CPU
		{3D642345-0A22-4EDA-97A1-EC36026B9540}.Release|Any CPU.Build.0 = Release|Any CPU
		{B72B4F1A-E455-4C93-B961-3439255F72FE}.Debug|Any CPU.ActiveCfg = Debug|Any CPU
		{B72B4F1A-E455-4C93-B961-3439255F72FE}.Debug|Any CPU.Build.0 = Debug|Any CPU
		{B72B4F1A-E455-4C93-B961-3439255F72FE}.Release|Any CPU.ActiveCfg = Release|Any CPU
		{B72B4F1A-E455-4C93-B961-3439255F72FE}.Release|Any CPU.Build.0 = Release|Any CPU
		{051AD762-0870-4475-B1B7-52683650A8FD}.Debug|Any CPU.ActiveCfg = Debug|Any CPU
		{051AD762-0870-4475-B1B7-52683650A8FD}.Debug|Any CPU.Build.0 = Debug|Any CPU
		{051AD762-0870-4475-B1B7-52683650A8FD}.Release|Any CPU.ActiveCfg = Release|Any CPU
		{051AD762-0870-4475-B1B7-52683650A8FD}.Release|Any CPU.Build.0 = Release|Any CPU
		{E07BEE4E-BF7C-40F4-B6A1-A0C93A23479D}.Debug|Any CPU.ActiveCfg = Debug|Any CPU
		{E07BEE4E-BF7C-40F4-B6A1-A0C93A23479D}.Debug|Any CPU.Build.0 = Debug|Any CPU
		{E07BEE4E-BF7C-40F4-B6A1-A0C93A23479D}.Release|Any CPU.ActiveCfg = Release|Any CPU
		{E07BEE4E-BF7C-40F4-B6A1-A0C93A23479D}.Release|Any CPU.Build.0 = Release|Any CPU
	EndGlobalSection
	GlobalSection(SolutionProperties) = preSolution
		HideSolutionNode = FALSE
	EndGlobalSection
	GlobalSection(NestedProjects) = preSolution
		{677DC7C5-F948-426F-BE01-0D101C2E3FD8} = {A9615F55-51D1-48BC-A23F-243B60AEBDE2}
		{4AA4FB31-ED4B-41D4-AD53-CEE70EFDCEBE} = {A9615F55-51D1-48BC-A23F-243B60AEBDE2}
		{3EABB846-A04F-4398-978C-2D11D7310A7C} = {A9615F55-51D1-48BC-A23F-243B60AEBDE2}
		{3373EB87-1E59-47BA-837D-6CFB3545C610} = {E49F31D7-8B14-4058-BD70-1B80C8E01DE2}
		{F829A5A0-680C-412F-8124-E4F7D959C2FF} = {E49F31D7-8B14-4058-BD70-1B80C8E01DE2}
		{BE136AC0-5D9E-4283-9392-3D935749737B} = {E49F31D7-8B14-4058-BD70-1B80C8E01DE2}
		{A066FF6D-9845-4992-8B27-D0251A72205B} = {3A4410B1-0314-47D2-8B64-83D0A208DEA1}
		{78D7D2B4-956B-48A6-9D2B-F16E2F465FDA} = {3A4410B1-0314-47D2-8B64-83D0A208DEA1}
		{E08F161B-BEAB-43ED-8407-6813355A8410} = {3A4410B1-0314-47D2-8B64-83D0A208DEA1}
		{FDC7D9B2-55AA-4505-98FC-9FDD190839E9} = {473F0BD9-708D-4157-A632-EABF67235CA5}
		{480CFF75-73CF-47EB-AF76-63827B9F01A1} = {473F0BD9-708D-4157-A632-EABF67235CA5}
		{541065B0-A47F-43F3-A673-327805DE9A15} = {473F0BD9-708D-4157-A632-EABF67235CA5}
		{B468C3D4-9DBA-4029-95ED-DC5AA5C6D0AA} = {6D1F84AA-6501-4543-8929-470C5C86E3DC}
		{37095578-3A91-482A-8F6A-F047943A521B} = {6D1F84AA-6501-4543-8929-470C5C86E3DC}
		{87C09990-1597-4BE2-8961-CAB8E095AB90} = {6D1F84AA-6501-4543-8929-470C5C86E3DC}
		{653AC1AC-4D7C-4715-84BF-541E497FDAC6} = {1F715049-BC72-4C88-8FE2-43C7A888F246}
		{B3C45328-118C-4A8B-8940-9D49FC2267F8} = {1F715049-BC72-4C88-8FE2-43C7A888F246}
		{7EF26B83-A255-4EFB-8668-AAFD294E6DB5} = {1F715049-BC72-4C88-8FE2-43C7A888F246}
		{A15E39C3-32BC-49CA-ABBE-9A234195F5CA} = {35CDEA24-E818-42EC-AC46-1531D527D75E}
		{64C873A3-33F6-4519-8070-C8A79B666886} = {35CDEA24-E818-42EC-AC46-1531D527D75E}
		{3D642345-0A22-4EDA-97A1-EC36026B9540} = {35CDEA24-E818-42EC-AC46-1531D527D75E}
		{B72B4F1A-E455-4C93-B961-3439255F72FE} = {4061B8A1-1CB6-4C40-9DE6-F031D4B9DFAF}
		{051AD762-0870-4475-B1B7-52683650A8FD} = {4061B8A1-1CB6-4C40-9DE6-F031D4B9DFAF}
		{E07BEE4E-BF7C-40F4-B6A1-A0C93A23479D} = {4061B8A1-1CB6-4C40-9DE6-F031D4B9DFAF}
	EndGlobalSection
	GlobalSection(ExtensibilityGlobals) = postSolution
		SolutionGuid = {BB52C074-F859-43FD-99A4-61A3676D9974}
	EndGlobalSection
EndGlobal
